
Microsoft Visual Studio Solution File, Format Version 12.00
# Visual Studio Version 17
VisualStudioVersion = 17.9.34701.34
MinimumVisualStudioVersion = 10.0.40219.1
Project("{FAE04EC0-301F-11D3-BF4B-00C04F79EFBC}") = "idh", "idh\idh.csproj", "{65C1BD8B-AB8D-45FD-A66F-2F71EBAEF4F6}"
EndProject
Project("{FAE04EC0-301F-11D3-BF4B-00C04F79EFBC}") = "ProjectExample", "ProjectExample\ProjectExample.csproj", "{8E9D68FB-213F-4761-A8BC-BA7D63816BAB}"
EndProject
Global
	GlobalSection(SolutionConfigurationPlatforms) = preSolution
		Debug|Any CPU = Debug|Any CPU
		Release|Any CPU = Release|Any CPU
	EndGlobalSection
	GlobalSection(ProjectConfigurationPlatforms) = postSolution
		{65C1BD8B-AB8D-45FD-A66F-2F71EBAEF4F6}.Debug|Any CPU.ActiveCfg = Debug|Any CPU
		{65C1BD8B-AB8D-45FD-A66F-2F71EBAEF4F6}.Debug|Any CPU.Build.0 = Debug|Any CPU
		{65C1BD8B-AB8D-45FD-A66F-2F71EBAEF4F6}.Release|Any CPU.ActiveCfg = Release|Any CPU
		{65C1BD8B-AB8D-45FD-A66F-2F71EBAEF4F6}.Release|Any CPU.Build.0 = Release|Any CPU
		{8E9D68FB-213F-4761-A8BC-BA7D63816BAB}.Debug|Any CPU.ActiveCfg = Debug|Any CPU
		{8E9D68FB-213F-4761-A8BC-BA7D63816BAB}.Debug|Any CPU.Build.0 = Debug|Any CPU
		{8E9D68FB-213F-4761-A8BC-BA7D63816BAB}.Release|Any CPU.ActiveCfg = Release|Any CPU
		{8E9D68FB-213F-4761-A8BC-BA7D63816BAB}.Release|Any CPU.Build.0 = Release|Any CPU
	EndGlobalSection
	GlobalSection(SolutionProperties) = preSolution
		HideSolutionNode = FALSE
	EndGlobalSection
	GlobalSection(ExtensibilityGlobals) = postSolution
		SolutionGuid = {C9860139-05EE-4D2B-A4E0-6E7E0CCCA6FC}
	EndGlobalSection
EndGlobal
